// !$*UTF8*$!
{
	archiveVersion = 1;
	classes = {
	};
	objectVersion = 56;
	objects = {

/* Begin PBXBuildFile section */
		3983AFEA28E5A92C003E44AE /* LaunchScreen.swift in Sources */ = {isa = PBXBuildFile; fileRef = 3983AFE928E5A92C003E44AE /* LaunchScreen.swift */; };
		399EB40E28E39A4D000F7822 /* FastGlobeVPNApp.swift in Sources */ = {isa = PBXBuildFile; fileRef = 399EB40D28E39A4D000F7822 /* FastGlobeVPNApp.swift */; };
		399EB41028E39A4D000F7822 /* MainView.swift in Sources */ = {isa = PBXBuildFile; fileRef = 399EB40F28E39A4D000F7822 /* MainView.swift */; };
		399EB41228E39A4E000F7822 /* Assets.xcassets in Resources */ = {isa = PBXBuildFile; fileRef = 399EB41128E39A4E000F7822 /* Assets.xcassets */; };
		399EB41528E39A4E000F7822 /* Preview Assets.xcassets in Resources */ = {isa = PBXBuildFile; fileRef = 399EB41428E39A4E000F7822 /* Preview Assets.xcassets */; };
		399EB42028E4ED4B000F7822 /* VPNManager.swift in Sources */ = {isa = PBXBuildFile; fileRef = 399EB41F28E4ED4B000F7822 /* VPNManager.swift */; };
		39F539E128E773AC00B98E2A /* ConnectedView.swift in Sources */ = {isa = PBXBuildFile; fileRef = 39F539E028E773AC00B98E2A /* ConnectedView.swift */; };
/* End PBXBuildFile section */

/* Begin PBXFileReference section */
		3983AFE928E5A92C003E44AE /* LaunchScreen.swift */ = {isa = PBXFileReference; lastKnownFileType = sourcecode.swift; path = LaunchScreen.swift; sourceTree = "<group>"; };
		399EB40A28E39A4D000F7822 /* FastGlobeVPN.app */ = {isa = PBXFileReference; explicitFileType = wrapper.application; includeInIndex = 0; path = FastGlobeVPN.app; sourceTree = BUILT_PRODUCTS_DIR; };
		399EB40D28E39A4D000F7822 /* FastGlobeVPNApp.swift */ = {isa = PBXFileReference; lastKnownFileType = sourcecode.swift; path = FastGlobeVPNApp.swift; sourceTree = "<group>"; };
		399EB40F28E39A4D000F7822 /* MainView.swift */ = {isa = PBXFileReference; lastKnownFileType = sourcecode.swift; path = MainView.swift; sourceTree = "<group>"; };
		399EB41128E39A4E000F7822 /* Assets.xcassets */ = {isa = PBXFileReference; lastKnownFileType = folder.assetcatalog; path = Assets.xcassets; sourceTree = "<group>"; };
		399EB41428E39A4E000F7822 /* Preview Assets.xcassets */ = {isa = PBXFileReference; lastKnownFileType = folder.assetcatalog; path = "Preview Assets.xcassets"; sourceTree = "<group>"; };
		399EB41F28E4ED4B000F7822 /* VPNManager.swift */ = {isa = PBXFileReference; lastKnownFileType = sourcecode.swift; path = VPNManager.swift; sourceTree = "<group>"; };
		399EB42428E4F44B000F7822 /* FastGlobeVPN.entitlements */ = {isa = PBXFileReference; lastKnownFileType = text.plist.entitlements; path = FastGlobeVPN.entitlements; sourceTree = "<group>"; };
		39F539E028E773AC00B98E2A /* ConnectedView.swift */ = {isa = PBXFileReference; lastKnownFileType = sourcecode.swift; path = ConnectedView.swift; sourceTree = "<group>"; };
/* End PBXFileReference section */

/* Begin PBXFrameworksBuildPhase section */
		399EB40728E39A4D000F7822 /* Frameworks */ = {
			isa = PBXFrameworksBuildPhase;
			buildActionMask = 2147483647;
			files = (
			);
			runOnlyForDeploymentPostprocessing = 0;
		};
/* End PBXFrameworksBuildPhase section */

/* Begin PBXGroup section */
		399EB40128E39A4D000F7822 = {
			isa = PBXGroup;
			children = (
				399EB41F28E4ED4B000F7822 /* VPNManager.swift */,
				399EB40C28E39A4D000F7822 /* FastGlobeVPN */,
				399EB40B28E39A4D000F7822 /* Products */,
			);
			sourceTree = "<group>";
		};
		399EB40B28E39A4D000F7822 /* Products */ = {
			isa = PBXGroup;
			children = (
				399EB40A28E39A4D000F7822 /* FastGlobeVPN.app */,
			);
			name = Products;
			sourceTree = "<group>";
		};
		399EB40C28E39A4D000F7822 /* FastGlobeVPN */ = {
			isa = PBXGroup;
			children = (
				39F775A828E62200009854E2 /* Views */,
				399EB42428E4F44B000F7822 /* FastGlobeVPN.entitlements */,
				399EB40D28E39A4D000F7822 /* FastGlobeVPNApp.swift */,
				399EB41128E39A4E000F7822 /* Assets.xcassets */,
				399EB41328E39A4E000F7822 /* Preview Content */,
			);
			path = FastGlobeVPN;
			sourceTree = "<group>";
		};
		399EB41328E39A4E000F7822 /* Preview Content */ = {
			isa = PBXGroup;
			children = (
				399EB41428E39A4E000F7822 /* Preview Assets.xcassets */,
			);
			path = "Preview Content";
			sourceTree = "<group>";
		};
		39F775A828E62200009854E2 /* Views */ = {
			isa = PBXGroup;
			children = (
				3983AFE928E5A92C003E44AE /* LaunchScreen.swift */,
				399EB40F28E39A4D000F7822 /* MainView.swift */,
				39F539E028E773AC00B98E2A /* ConnectedView.swift */,
			);
			path = Views;
			sourceTree = "<group>";
		};
/* End PBXGroup section */

/* Begin PBXNativeTarget section */
		399EB40928E39A4D000F7822 /* FastGlobeVPN */ = {
			isa = PBXNativeTarget;
			buildConfigurationList = 399EB41828E39A4E000F7822 /* Build configuration list for PBXNativeTarget "FastGlobeVPN" */;
			buildPhases = (
				399EB40628E39A4D000F7822 /* Sources */,
				399EB40728E39A4D000F7822 /* Frameworks */,
				399EB40828E39A4D000F7822 /* Resources */,
			);
			buildRules = (
			);
			dependencies = (
			);
			name = FastGlobeVPN;
			packageProductDependencies = (
			);
			productName = FastGlobeVPN;
			productReference = 399EB40A28E39A4D000F7822 /* FastGlobeVPN.app */;
			productType = "com.apple.product-type.application";
		};
/* End PBXNativeTarget section */

/* Begin PBXProject section */
		399EB40228E39A4D000F7822 /* Project object */ = {
			isa = PBXProject;
			attributes = {
				BuildIndependentTargetsInParallel = 1;
				LastSwiftUpdateCheck = 1400;
				LastUpgradeCheck = 1400;
				TargetAttributes = {
					399EB40928E39A4D000F7822 = {
						CreatedOnToolsVersion = 14.0;
					};
				};
			};
			buildConfigurationList = 399EB40528E39A4D000F7822 /* Build configuration list for PBXProject "FastGlobeVPN" */;
			compatibilityVersion = "Xcode 14.0";
			developmentRegion = en;
			hasScannedForEncodings = 0;
			knownRegions = (
				en,
				Base,
			);
			mainGroup = 399EB40128E39A4D000F7822;
			packageReferences = (
			);
			productRefGroup = 399EB40B28E39A4D000F7822 /* Products */;
			projectDirPath = "";
			projectRoot = "";
			targets = (
				399EB40928E39A4D000F7822 /* FastGlobeVPN */,
			);
		};
/* End PBXProject section */

/* Begin PBXResourcesBuildPhase section */
		399EB40828E39A4D000F7822 /* Resources */ = {
			isa = PBXResourcesBuildPhase;
			buildActionMask = 2147483647;
			files = (
				399EB41528E39A4E000F7822 /* Preview Assets.xcassets in Resources */,
				399EB41228E39A4E000F7822 /* Assets.xcassets in Resources */,
			);
			runOnlyForDeploymentPostprocessing = 0;
		};
/* End PBXResourcesBuildPhase section */

/* Begin PBXSourcesBuildPhase section */
		399EB40628E39A4D000F7822 /* Sources */ = {
			isa = PBXSourcesBuildPhase;
			buildActionMask = 2147483647;
			files = (
				399EB41028E39A4D000F7822 /* MainView.swift in Sources */,
				399EB40E28E39A4D000F7822 /* FastGlobeVPNApp.swift in Sources */,
				39F539E128E773AC00B98E2A /* ConnectedView.swift in Sources */,
				3983AFEA28E5A92C003E44AE /* LaunchScreen.swift in Sources */,
				399EB42028E4ED4B000F7822 /* VPNManager.swift in Sources */,
			);
			runOnlyForDeploymentPostprocessing = 0;
		};
/* End PBXSourcesBuildPhase section */

/* Begin XCBuildConfiguration section */
		399EB41628E39A4E000F7822 /* Debug */ = {
			isa = XCBuildConfiguration;
			buildSettings = {
				ALWAYS_SEARCH_USER_PATHS = NO;
				CLANG_ANALYZER_NONNULL = YES;
				CLANG_ANALYZER_NUMBER_OBJECT_CONVERSION = YES_AGGRESSIVE;
				CLANG_CXX_LANGUAGE_STANDARD = "gnu++20";
				CLANG_ENABLE_MODULES = YES;
				CLANG_ENABLE_OBJC_ARC = YES;
				CLANG_ENABLE_OBJC_WEAK = YES;
				CLANG_WARN_BLOCK_CAPTURE_AUTORELEASING = YES;
				CLANG_WARN_BOOL_CONVERSION = YES;
				CLANG_WARN_COMMA = YES;
				CLANG_WARN_CONSTANT_CONVERSION = YES;
				CLANG_WARN_DEPRECATED_OBJC_IMPLEMENTATIONS = YES;
				CLANG_WARN_DIRECT_OBJC_ISA_USAGE = YES_ERROR;
				CLANG_WARN_DOCUMENTATION_COMMENTS = YES;
				CLANG_WARN_EMPTY_BODY = YES;
				CLANG_WARN_ENUM_CONVERSION = YES;
				CLANG_WARN_INFINITE_RECURSION = YES;
				CLANG_WARN_INT_CONVERSION = YES;
				CLANG_WARN_NON_LITERAL_NULL_CONVERSION = YES;
				CLANG_WARN_OBJC_IMPLICIT_RETAIN_SELF = YES;
				CLANG_WARN_OBJC_LITERAL_CONVERSION = YES;
				CLANG_WARN_OBJC_ROOT_CLASS = YES_ERROR;
				CLANG_WARN_QUOTED_INCLUDE_IN_FRAMEWORK_HEADER = YES;
				CLANG_WARN_RANGE_LOOP_ANALYSIS = YES;
				CLANG_WARN_STRICT_PROTOTYPES = YES;
				CLANG_WARN_SUSPICIOUS_MOVE = YES;
				CLANG_WARN_UNGUARDED_AVAILABILITY = YES_AGGRESSIVE;
				CLANG_WARN_UNREACHABLE_CODE = YES;
				CLANG_WARN__DUPLICATE_METHOD_MATCH = YES;
				COPY_PHASE_STRIP = NO;
				DEBUG_INFORMATION_FORMAT = dwarf;
				ENABLE_STRICT_OBJC_MSGSEND = YES;
				ENABLE_TESTABILITY = YES;
				GCC_C_LANGUAGE_STANDARD = gnu11;
				GCC_DYNAMIC_NO_PIC = NO;
				GCC_NO_COMMON_BLOCKS = YES;
				GCC_OPTIMIZATION_LEVEL = 0;
				GCC_PREPROCESSOR_DEFINITIONS = (
					"DEBUG=1",
					"$(inherited)",
				);
				GCC_WARN_64_TO_32_BIT_CONVERSION = YES;
				GCC_WARN_ABOUT_RETURN_TYPE = YES_ERROR;
				GCC_WARN_UNDECLARED_SELECTOR = YES;
				GCC_WARN_UNINITIALIZED_AUTOS = YES_AGGRESSIVE;
				GCC_WARN_UNUSED_FUNCTION = YES;
				GCC_WARN_UNUSED_VARIABLE = YES;
				IPHONEOS_DEPLOYMENT_TARGET = 16.0;
				MTL_ENABLE_DEBUG_INFO = INCLUDE_SOURCE;
				MTL_FAST_MATH = YES;
				ONLY_ACTIVE_ARCH = YES;
				SDKROOT = iphoneos;
				SWIFT_ACTIVE_COMPILATION_CONDITIONS = DEBUG;
				SWIFT_OPTIMIZATION_LEVEL = "-Onone";
			};
			name = Debug;
		};
		399EB41728E39A4E000F7822 /* Release */ = {
			isa = XCBuildConfiguration;
			buildSettings = {
				ALWAYS_SEARCH_USER_PATHS = NO;
				CLANG_ANALYZER_NONNULL = YES;
				CLANG_ANALYZER_NUMBER_OBJECT_CONVERSION = YES_AGGRESSIVE;
				CLANG_CXX_LANGUAGE_STANDARD = "gnu++20";
				CLANG_ENABLE_MODULES = YES;
				CLANG_ENABLE_OBJC_ARC = YES;
				CLANG_ENABLE_OBJC_WEAK = YES;
				CLANG_WARN_BLOCK_CAPTURE_AUTORELEASING = YES;
				CLANG_WARN_BOOL_CONVERSION = YES;
				CLANG_WARN_COMMA = YES;
				CLANG_WARN_CONSTANT_CONVERSION = YES;
				CLANG_WARN_DEPRECATED_OBJC_IMPLEMENTATIONS = YES;
				CLANG_WARN_DIRECT_OBJC_ISA_USAGE = YES_ERROR;
				CLANG_WARN_DOCUMENTATION_COMMENTS = YES;
				CLANG_WARN_EMPTY_BODY = YES;
				CLANG_WARN_ENUM_CONVERSION = YES;
				CLANG_WARN_INFINITE_RECURSION = YES;
				CLANG_WARN_INT_CONVERSION = YES;
				CLANG_WARN_NON_LITERAL_NULL_CONVERSION = YES;
				CLANG_WARN_OBJC_IMPLICIT_RETAIN_SELF = YES;
				CLANG_WARN_OBJC_LITERAL_CONVERSION = YES;
				CLANG_WARN_OBJC_ROOT_CLASS = YES_ERROR;
				CLANG_WARN_QUOTED_INCLUDE_IN_FRAMEWORK_HEADER = YES;
				CLANG_WARN_RANGE_LOOP_ANALYSIS = YES;
				CLANG_WARN_STRICT_PROTOTYPES = YES;
				CLANG_WARN_SUSPICIOUS_MOVE = YES;
				CLANG_WARN_UNGUARDED_AVAILABILITY = YES_AGGRESSIVE;
				CLANG_WARN_UNREACHABLE_CODE = YES;
				CLANG_WARN__DUPLICATE_METHOD_MATCH = YES;
				COPY_PHASE_STRIP = NO;
				DEBUG_INFORMATION_FORMAT = "dwarf-with-dsym";
				ENABLE_NS_ASSERTIONS = NO;
				ENABLE_STRICT_OBJC_MSGSEND = YES;
				GCC_C_LANGUAGE_STANDARD = gnu11;
				GCC_NO_COMMON_BLOCKS = YES;
				GCC_WARN_64_TO_32_BIT_CONVERSION = YES;
				GCC_WARN_ABOUT_RETURN_TYPE = YES_ERROR;
				GCC_WARN_UNDECLARED_SELECTOR = YES;
				GCC_WARN_UNINITIALIZED_AUTOS = YES_AGGRESSIVE;
				GCC_WARN_UNUSED_FUNCTION = YES;
				GCC_WARN_UNUSED_VARIABLE = YES;
				IPHONEOS_DEPLOYMENT_TARGET = 16.0;
				MTL_ENABLE_DEBUG_INFO = NO;
				MTL_FAST_MATH = YES;
				SDKROOT = iphoneos;
				SWIFT_COMPILATION_MODE = wholemodule;
				SWIFT_OPTIMIZATION_LEVEL = "-O";
				VALIDATE_PRODUCT = YES;
			};
			name = Release;
		};
		399EB41928E39A4E000F7822 /* Debug */ = {
			isa = XCBuildConfiguration;
			buildSettings = {
				ASSETCATALOG_COMPILER_APPICON_NAME = AppIcon;
				ASSETCATALOG_COMPILER_GLOBAL_ACCENT_COLOR_NAME = AccentColor;
				CODE_SIGN_ENTITLEMENTS = FastGlobeVPN/FastGlobeVPN.entitlements;
				CODE_SIGN_STYLE = Automatic;
				CURRENT_PROJECT_VERSION = 1;
				DEVELOPMENT_ASSET_PATHS = "\"FastGlobeVPN/Preview Content\"";
				DEVELOPMENT_TEAM = XPQ67UU8AY;
				ENABLE_PREVIEWS = YES;
				GENERATE_INFOPLIST_FILE = YES;
				INFOPLIST_KEY_UIApplicationSceneManifest_Generation = YES;
				INFOPLIST_KEY_UIApplicationSupportsIndirectInputEvents = YES;
				INFOPLIST_KEY_UILaunchScreen_Generation = YES;
				INFOPLIST_KEY_UISupportedInterfaceOrientations_iPad = "UIInterfaceOrientationPortrait UIInterfaceOrientationPortraitUpsideDown UIInterfaceOrientationLandscapeLeft UIInterfaceOrientationLandscapeRight";
				INFOPLIST_KEY_UISupportedInterfaceOrientations_iPhone = "UIInterfaceOrientationPortrait UIInterfaceOrientationLandscapeLeft UIInterfaceOrientationLandscapeRight";
				LD_RUNPATH_SEARCH_PATHS = (
					"$(inherited)",
					"@executable_path/Frameworks",
				);
				MARKETING_VERSION = 1.0;
				PRODUCT_BUNDLE_IDENTIFIER = "Artyom-Beldeiko.FastGlobeVPN";
				PRODUCT_NAME = "$(TARGET_NAME)";
				SWIFT_EMIT_LOC_STRINGS = YES;
				SWIFT_VERSION = 5.0;
				TARGETED_DEVICE_FAMILY = "1,2";
			};
			name = Debug;
		};
		399EB41A28E39A4E000F7822 /* Release */ = {
			isa = XCBuildConfiguration;
			buildSettings = {
				ASSETCATALOG_COMPILER_APPICON_NAME = AppIcon;
				ASSETCATALOG_COMPILER_GLOBAL_ACCENT_COLOR_NAME = AccentColor;
				CODE_SIGN_ENTITLEMENTS = FastGlobeVPN/FastGlobeVPN.entitlements;
				CODE_SIGN_STYLE = Automatic;
				CURRENT_PROJECT_VERSION = 1;
				DEVELOPMENT_ASSET_PATHS = "\"FastGlobeVPN/Preview Content\"";
				DEVELOPMENT_TEAM = XPQ67UU8AY;
				ENABLE_PREVIEWS = YES;
				GENERATE_INFOPLIST_FILE = YES;
				INFOPLIST_KEY_UIApplicationSceneManifest_Generation = YES;
				INFOPLIST_KEY_UIApplicationSupportsIndirectInputEvents = YES;
				INFOPLIST_KEY_UILaunchScreen_Generation = YES;
				INFOPLIST_KEY_UISupportedInterfaceOrientations_iPad = "UIInterfaceOrientationPortrait UIInterfaceOrientationPortraitUpsideDown UIInterfaceOrientationLandscapeLeft UIInterfaceOrientationLandscapeRight";
				INFOPLIST_KEY_UISupportedInterfaceOrientations_iPhone = "UIInterfaceOrientationPortrait UIInterfaceOrientationLandscapeLeft UIInterfaceOrientationLandscapeRight";
				LD_RUNPATH_SEARCH_PATHS = (
					"$(inherited)",
					"@executable_path/Frameworks",
				);
				MARKETING_VERSION = 1.0;
				PRODUCT_BUNDLE_IDENTIFIER = "Artyom-Beldeiko.FastGlobeVPN";
				PRODUCT_NAME = "$(TARGET_NAME)";
				SWIFT_EMIT_LOC_STRINGS = YES;
				SWIFT_VERSION = 5.0;
				TARGETED_DEVICE_FAMILY = "1,2";
			};
			name = Release;
		};
/* End XCBuildConfiguration section */

/* Begin XCConfigurationList section */
		399EB40528E39A4D000F7822 /* Build configuration list for PBXProject "FastGlobeVPN" */ = {
			isa = XCConfigurationList;
			buildConfigurations = (
				399EB41628E39A4E000F7822 /* Debug */,
				399EB41728E39A4E000F7822 /* Release */,
			);
			defaultConfigurationIsVisible = 0;
			defaultConfigurationName = Release;
		};
		399EB41828E39A4E000F7822 /* Build configuration list for PBXNativeTarget "FastGlobeVPN" */ = {
			isa = XCConfigurationList;
			buildConfigurations = (
				399EB41928E39A4E000F7822 /* Debug */,
				399EB41A28E39A4E000F7822 /* Release */,
			);
			defaultConfigurationIsVisible = 0;
			defaultConfigurationName = Release;
		};
/* End XCConfigurationList section */
	};
	rootObject = 399EB40228E39A4D000F7822 /* Project object */;
}
